
Microsoft Visual Studio Solution File, Format Version 12.00
# Visual Studio Version 17
VisualStudioVersion = 17.14.36408.4 d17.14
MinimumVisualStudioVersion = 10.0.40219.1
Project("{FAE04EC0-301F-11D3-BF4B-00C04F79EFBC}") = "proyecto_v1", "proyecto_v1\proyecto_v1.csproj", "{B4960992-9362-4CA7-9365-193EAC71BAA9}"
EndProject
Global
	GlobalSection(SolutionConfigurationPlatforms) = preSolution
		Debug|Any CPU = Debug|Any CPU
		Release|Any CPU = Release|Any CPU
	EndGlobalSection
	GlobalSection(ProjectConfigurationPlatforms) = postSolution
		{B4960992-9362-4CA7-9365-193EAC71BAA9}.Debug|Any CPU.ActiveCfg = Debug|Any CPU
		{B4960992-9362-4CA7-9365-193EAC71BAA9}.Debug|Any CPU.Build.0 = Debug|Any CPU
		{B4960992-9362-4CA7-9365-193EAC71BAA9}.Release|Any CPU.ActiveCfg = Release|Any CPU
		{B4960992-9362-4CA7-9365-193EAC71BAA9}.Release|Any CPU.Build.0 = Release|Any CPU
	EndGlobalSection
	GlobalSection(SolutionProperties) = preSolution
		HideSolutionNode = FALSE
	EndGlobalSection
	GlobalSection(ExtensibilityGlobals) = postSolution
		SolutionGuid = {D7B12EF4-D4F5-48E0-9890-3A50CE9AE558}
	EndGlobalSection
EndGlobal
